
Microsoft Visual Studio Solution File, Format Version 12.00
# Visual Studio 15
VisualStudioVersion = 15.0.27703.2018
MinimumVisualStudioVersion = 10.0.40219.1
Project("{FAE04EC0-301F-11D3-BF4B-00C04F79EFBC}") = "pointers", "pointers\pointers.csproj", "{DD5F0E54-FF2D-4973-96A9-F01293571A7C}"
EndProject
Global
	GlobalSection(SolutionConfigurationPlatforms) = preSolution
		Debug|Any CPU = Debug|Any CPU
		Release|Any CPU = Release|Any CPU
	EndGlobalSection
	GlobalSection(ProjectConfigurationPlatforms) = postSolution
		{DD5F0E54-FF2D-4973-96A9-F01293571A7C}.Debug|Any CPU.ActiveCfg = Debug|Any CPU
		{DD5F0E54-FF2D-4973-96A9-F01293571A7C}.Debug|Any CPU.Build.0 = Debug|Any CPU
		{DD5F0E54-FF2D-4973-96A9-F01293571A7C}.Release|Any CPU.ActiveCfg = Release|Any CPU
		{DD5F0E54-FF2D-4973-96A9-F01293571A7C}.Release|Any CPU.Build.0 = Release|Any CPU
	EndGlobalSection
	GlobalSection(SolutionProperties) = preSolution
		HideSolutionNode = FALSE
	EndGlobalSection
	GlobalSection(ExtensibilityGlobals) = postSolution
		SolutionGuid = {F03F0ACA-4626-4208-B001-A849E7AFC9D3}
	EndGlobalSection
EndGlobal
